
Microsoft Visual Studio Solution File, Format Version 12.00
# Visual Studio Version 17
VisualStudioVersion = 17.1.32228.430
MinimumVisualStudioVersion = 10.0.40219.1
Project("{FAE04EC0-301F-11D3-BF4B-00C04F79EFBC}") = "PetProjects_Dev_Extreme", "PetProjects_Dev_Extreme\PetProjects_Dev_Extreme.csproj", "{339B0F00-354C-4537-B7C7-150A56C0B3A9}"
EndProject
Project("{2150E333-8FDC-42A3-9474-1A3956D46DE8}") = "DevExtreme NuGet.config", "DevExtreme NuGet.config", "{A5AA4D00-1872-49D6-BA28-7AD9D6F86D0D}"
	ProjectSection(SolutionItems) = preProject
		NuGet.config = NuGet.config
	EndProjectSection
EndProject
Global
	GlobalSection(SolutionConfigurationPlatforms) = preSolution
		Debug|Any CPU = Debug|Any CPU
		Release|Any CPU = Release|Any CPU
	EndGlobalSection
	GlobalSection(ProjectConfigurationPlatforms) = postSolution
		{339B0F00-354C-4537-B7C7-150A56C0B3A9}.Debug|Any CPU.ActiveCfg = Debug|Any CPU
		{339B0F00-354C-4537-B7C7-150A56C0B3A9}.Debug|Any CPU.Build.0 = Debug|Any CPU
		{339B0F00-354C-4537-B7C7-150A56C0B3A9}.Release|Any CPU.ActiveCfg = Release|Any CPU
		{339B0F00-354C-4537-B7C7-150A56C0B3A9}.Release|Any CPU.Build.0 = Release|Any CPU
	EndGlobalSection
	GlobalSection(SolutionProperties) = preSolution
		HideSolutionNode = FALSE
	EndGlobalSection
	GlobalSection(ExtensibilityGlobals) = postSolution
		SolutionGuid = {F38217BE-3E01-44FD-9D0F-5AFCBB3F970F}
	EndGlobalSection
EndGlobal
